// !$*UTF8*$!
{
	archiveVersion = 1;
	classes = {
	};
	objectVersion = 56;
	objects = {

/* Begin PBXBuildFile section */
		9E17DC6D2A1BB83F00F059F6 /* SettingsView.swift in Sources */ = {isa = PBXBuildFile; fileRef = 9E17DC6C2A1BB83F00F059F6 /* SettingsView.swift */; };
		9E17DC6F2A1BB84900F059F6 /* HomeView.swift in Sources */ = {isa = PBXBuildFile; fileRef = 9E17DC6E2A1BB84900F059F6 /* HomeView.swift */; };
		9E17DC712A1BB85300F059F6 /* LoginView.swift in Sources */ = {isa = PBXBuildFile; fileRef = 9E17DC702A1BB85300F059F6 /* LoginView.swift */; };
		9E17DC772A1BE14100F059F6 /* AuthService.swift in Sources */ = {isa = PBXBuildFile; fileRef = 9E17DC762A1BE14100F059F6 /* AuthService.swift */; };
		9E17DC792A1BFD4300F059F6 /* LoginViewModel.swift in Sources */ = {isa = PBXBuildFile; fileRef = 9E17DC782A1BFD4300F059F6 /* LoginViewModel.swift */; };
		9E8B06C02A14F7CA00ADBA65 /* MCSynergyApp.swift in Sources */ = {isa = PBXBuildFile; fileRef = 9E8B06BF2A14F7CA00ADBA65 /* MCSynergyApp.swift */; };
		9E8B06C42A14F7CB00ADBA65 /* Assets.xcassets in Resources */ = {isa = PBXBuildFile; fileRef = 9E8B06C32A14F7CB00ADBA65 /* Assets.xcassets */; };
		9E8B06C72A14F7CB00ADBA65 /* Preview Assets.xcassets in Resources */ = {isa = PBXBuildFile; fileRef = 9E8B06C62A14F7CB00ADBA65 /* Preview Assets.xcassets */; };
		9E8B06CE2A14F82700ADBA65 /* GoogleService-Info.plist in Resources */ = {isa = PBXBuildFile; fileRef = 9E8B06CD2A14F82700ADBA65 /* GoogleService-Info.plist */; };
		9E8B06D12A14F99400ADBA65 /* FirebaseAnalytics in Frameworks */ = {isa = PBXBuildFile; productRef = 9E8B06D02A14F99400ADBA65 /* FirebaseAnalytics */; };
		9E8B06D32A14F99400ADBA65 /* FirebaseAuth in Frameworks */ = {isa = PBXBuildFile; productRef = 9E8B06D22A14F99400ADBA65 /* FirebaseAuth */; };
		9E8B06D52A14F99400ADBA65 /* FirebaseMessaging in Frameworks */ = {isa = PBXBuildFile; productRef = 9E8B06D42A14F99400ADBA65 /* FirebaseMessaging */; };
/* End PBXBuildFile section */

/* Begin PBXFileReference section */
		9E17DC6C2A1BB83F00F059F6 /* SettingsView.swift */ = {isa = PBXFileReference; lastKnownFileType = sourcecode.swift; path = SettingsView.swift; sourceTree = "<group>"; };
		9E17DC6E2A1BB84900F059F6 /* HomeView.swift */ = {isa = PBXFileReference; lastKnownFileType = sourcecode.swift; path = HomeView.swift; sourceTree = "<group>"; };
		9E17DC702A1BB85300F059F6 /* LoginView.swift */ = {isa = PBXFileReference; lastKnownFileType = sourcecode.swift; path = LoginView.swift; sourceTree = "<group>"; };
		9E17DC722A1BCBD500F059F6 /* Info.plist */ = {isa = PBXFileReference; lastKnownFileType = text.plist; path = Info.plist; sourceTree = "<group>"; };
		9E17DC762A1BE14100F059F6 /* AuthService.swift */ = {isa = PBXFileReference; lastKnownFileType = sourcecode.swift; path = AuthService.swift; sourceTree = "<group>"; };
		9E17DC782A1BFD4300F059F6 /* LoginViewModel.swift */ = {isa = PBXFileReference; lastKnownFileType = sourcecode.swift; path = LoginViewModel.swift; sourceTree = "<group>"; };
		9E17DC7A2A1D672200F059F6 /* .gitignore */ = {isa = PBXFileReference; lastKnownFileType = text; path = .gitignore; sourceTree = "<group>"; };
		9E8B06BC2A14F7CA00ADBA65 /* MCSynergy.app */ = {isa = PBXFileReference; explicitFileType = wrapper.application; includeInIndex = 0; path = MCSynergy.app; sourceTree = BUILT_PRODUCTS_DIR; };
		9E8B06BF2A14F7CA00ADBA65 /* MCSynergyApp.swift */ = {isa = PBXFileReference; lastKnownFileType = sourcecode.swift; path = MCSynergyApp.swift; sourceTree = "<group>"; };
		9E8B06C32A14F7CB00ADBA65 /* Assets.xcassets */ = {isa = PBXFileReference; lastKnownFileType = folder.assetcatalog; path = Assets.xcassets; sourceTree = "<group>"; };
		9E8B06C62A14F7CB00ADBA65 /* Preview Assets.xcassets */ = {isa = PBXFileReference; lastKnownFileType = folder.assetcatalog; path = "Preview Assets.xcassets"; sourceTree = "<group>"; };
		9E8B06CD2A14F82700ADBA65 /* GoogleService-Info.plist */ = {isa = PBXFileReference; fileEncoding = 4; lastKnownFileType = text.plist.xml; name = "GoogleService-Info.plist"; path = "../../../../../Downloads/GoogleService-Info.plist"; sourceTree = "<group>"; };
/* End PBXFileReference section */

/* Begin PBXFrameworksBuildPhase section */
		9E8B06B92A14F7CA00ADBA65 /* Frameworks */ = {
			isa = PBXFrameworksBuildPhase;
			buildActionMask = 2147483647;
			files = (
				9E8B06D52A14F99400ADBA65 /* FirebaseMessaging in Frameworks */,
				9E8B06D12A14F99400ADBA65 /* FirebaseAnalytics in Frameworks */,
				9E8B06D32A14F99400ADBA65 /* FirebaseAuth in Frameworks */,
			);
			runOnlyForDeploymentPostprocessing = 0;
		};
/* End PBXFrameworksBuildPhase section */

/* Begin PBXGroup section */
		9E17DC652A1BB4F400F059F6 /* View */ = {
			isa = PBXGroup;
			children = (
				9E17DC6B2A1BB78800F059F6 /* Settings */,
				9E17DC692A1BB52E00F059F6 /* Home */,
				9E17DC682A1BB51F00F059F6 /* Login */,
			);
			path = View;
			sourceTree = "<group>";
		};
		9E17DC662A1BB4FC00F059F6 /* Domain */ = {
			isa = PBXGroup;
			children = (
				9E17DC752A1BE13500F059F6 /* Auth */,
			);
			path = Domain;
			sourceTree = "<group>";
		};
		9E17DC672A1BB50100F059F6 /* Data */ = {
			isa = PBXGroup;
			children = (
			);
			path = Data;
			sourceTree = "<group>";
		};
		9E17DC682A1BB51F00F059F6 /* Login */ = {
			isa = PBXGroup;
			children = (
				9E17DC702A1BB85300F059F6 /* LoginView.swift */,
				9E17DC782A1BFD4300F059F6 /* LoginViewModel.swift */,
			);
			path = Login;
			sourceTree = "<group>";
		};
		9E17DC692A1BB52E00F059F6 /* Home */ = {
			isa = PBXGroup;
			children = (
				9E17DC6E2A1BB84900F059F6 /* HomeView.swift */,
			);
			path = Home;
			sourceTree = "<group>";
		};
		9E17DC6B2A1BB78800F059F6 /* Settings */ = {
			isa = PBXGroup;
			children = (
				9E17DC6C2A1BB83F00F059F6 /* SettingsView.swift */,
			);
			path = Settings;
			sourceTree = "<group>";
		};
		9E17DC752A1BE13500F059F6 /* Auth */ = {
			isa = PBXGroup;
			children = (
				9E17DC762A1BE14100F059F6 /* AuthService.swift */,
			);
			path = Auth;
			sourceTree = "<group>";
		};
		9E8B06B32A14F7CA00ADBA65 = {
			isa = PBXGroup;
			children = (
				9E17DC7A2A1D672200F059F6 /* .gitignore */,
				9E8B06BE2A14F7CA00ADBA65 /* MCSynergy */,
				9E8B06BD2A14F7CA00ADBA65 /* Products */,
			);
			sourceTree = "<group>";
		};
		9E8B06BD2A14F7CA00ADBA65 /* Products */ = {
			isa = PBXGroup;
			children = (
				9E8B06BC2A14F7CA00ADBA65 /* MCSynergy.app */,
			);
			name = Products;
			sourceTree = "<group>";
		};
		9E8B06BE2A14F7CA00ADBA65 /* MCSynergy */ = {
			isa = PBXGroup;
			children = (
				9E17DC722A1BCBD500F059F6 /* Info.plist */,
				9E17DC672A1BB50100F059F6 /* Data */,
				9E17DC662A1BB4FC00F059F6 /* Domain */,
				9E17DC652A1BB4F400F059F6 /* View */,
				9E8B06CD2A14F82700ADBA65 /* GoogleService-Info.plist */,
				9E8B06BF2A14F7CA00ADBA65 /* MCSynergyApp.swift */,
				9E8B06C32A14F7CB00ADBA65 /* Assets.xcassets */,
				9E8B06C52A14F7CB00ADBA65 /* Preview Content */,
			);
			path = MCSynergy;
			sourceTree = "<group>";
		};
		9E8B06C52A14F7CB00ADBA65 /* Preview Content */ = {
			isa = PBXGroup;
			children = (
				9E8B06C62A14F7CB00ADBA65 /* Preview Assets.xcassets */,
			);
			path = "Preview Content";
			sourceTree = "<group>";
		};
/* End PBXGroup section */

/* Begin PBXNativeTarget section */
		9E8B06BB2A14F7CA00ADBA65 /* MCSynergy */ = {
			isa = PBXNativeTarget;
			buildConfigurationList = 9E8B06CA2A14F7CB00ADBA65 /* Build configuration list for PBXNativeTarget "MCSynergy" */;
			buildPhases = (
				9E8B06B82A14F7CA00ADBA65 /* Sources */,
				9E8B06B92A14F7CA00ADBA65 /* Frameworks */,
				9E8B06BA2A14F7CA00ADBA65 /* Resources */,
			);
			buildRules = (
			);
			dependencies = (
			);
			name = MCSynergy;
			packageProductDependencies = (
				9E8B06D02A14F99400ADBA65 /* FirebaseAnalytics */,
				9E8B06D22A14F99400ADBA65 /* FirebaseAuth */,
				9E8B06D42A14F99400ADBA65 /* FirebaseMessaging */,
			);
			productName = MCSynergy;
			productReference = 9E8B06BC2A14F7CA00ADBA65 /* MCSynergy.app */;
			productType = "com.apple.product-type.application";
		};
/* End PBXNativeTarget section */

/* Begin PBXProject section */
		9E8B06B42A14F7CA00ADBA65 /* Project object */ = {
			isa = PBXProject;
			attributes = {
				BuildIndependentTargetsInParallel = 1;
				LastSwiftUpdateCheck = 1430;
				LastUpgradeCheck = 1430;
				TargetAttributes = {
					9E8B06BB2A14F7CA00ADBA65 = {
						CreatedOnToolsVersion = 14.3;
					};
				};
			};
			buildConfigurationList = 9E8B06B72A14F7CA00ADBA65 /* Build configuration list for PBXProject "MCSynergy" */;
			compatibilityVersion = "Xcode 14.0";
			developmentRegion = en;
			hasScannedForEncodings = 0;
			knownRegions = (
				en,
				Base,
			);
			mainGroup = 9E8B06B32A14F7CA00ADBA65;
			packageReferences = (
				9E8B06CF2A14F99400ADBA65 /* XCRemoteSwiftPackageReference "firebase-ios-sdk" */,
			);
			productRefGroup = 9E8B06BD2A14F7CA00ADBA65 /* Products */;
			projectDirPath = "";
			projectRoot = "";
			targets = (
				9E8B06BB2A14F7CA00ADBA65 /* MCSynergy */,
			);
		};
/* End PBXProject section */

/* Begin PBXResourcesBuildPhase section */
		9E8B06BA2A14F7CA00ADBA65 /* Resources */ = {
			isa = PBXResourcesBuildPhase;
			buildActionMask = 2147483647;
			files = (
				9E8B06C72A14F7CB00ADBA65 /* Preview Assets.xcassets in Resources */,
				9E8B06C42A14F7CB00ADBA65 /* Assets.xcassets in Resources */,
				9E8B06CE2A14F82700ADBA65 /* GoogleService-Info.plist in Resources */,
			);
			runOnlyForDeploymentPostprocessing = 0;
		};
/* End PBXResourcesBuildPhase section */

/* Begin PBXSourcesBuildPhase section */
		9E8B06B82A14F7CA00ADBA65 /* Sources */ = {
			isa = PBXSourcesBuildPhase;
			buildActionMask = 2147483647;
			files = (
				9E17DC6F2A1BB84900F059F6 /* HomeView.swift in Sources */,
				9E8B06C02A14F7CA00ADBA65 /* MCSynergyApp.swift in Sources */,
				9E17DC792A1BFD4300F059F6 /* LoginViewModel.swift in Sources */,
				9E17DC772A1BE14100F059F6 /* AuthService.swift in Sources */,
				9E17DC712A1BB85300F059F6 /* LoginView.swift in Sources */,
				9E17DC6D2A1BB83F00F059F6 /* SettingsView.swift in Sources */,
			);
			runOnlyForDeploymentPostprocessing = 0;
		};
/* End PBXSourcesBuildPhase section */

/* Begin XCBuildConfiguration section */
		9E8B06C82A14F7CB00ADBA65 /* Debug */ = {
			isa = XCBuildConfiguration;
			buildSettings = {
				ALWAYS_SEARCH_USER_PATHS = NO;
				CLANG_ANALYZER_NONNULL = YES;
				CLANG_ANALYZER_NUMBER_OBJECT_CONVERSION = YES_AGGRESSIVE;
				CLANG_CXX_LANGUAGE_STANDARD = "gnu++20";
				CLANG_ENABLE_MODULES = YES;
				CLANG_ENABLE_OBJC_ARC = YES;
				CLANG_ENABLE_OBJC_WEAK = YES;
				CLANG_WARN_BLOCK_CAPTURE_AUTORELEASING = YES;
				CLANG_WARN_BOOL_CONVERSION = YES;
				CLANG_WARN_COMMA = YES;
				CLANG_WARN_CONSTANT_CONVERSION = YES;
				CLANG_WARN_DEPRECATED_OBJC_IMPLEMENTATIONS = YES;
				CLANG_WARN_DIRECT_OBJC_ISA_USAGE = YES_ERROR;
				CLANG_WARN_DOCUMENTATION_COMMENTS = YES;
				CLANG_WARN_EMPTY_BODY = YES;
				CLANG_WARN_ENUM_CONVERSION = YES;
				CLANG_WARN_INFINITE_RECURSION = YES;
				CLANG_WARN_INT_CONVERSION = YES;
				CLANG_WARN_NON_LITERAL_NULL_CONVERSION = YES;
				CLANG_WARN_OBJC_IMPLICIT_RETAIN_SELF = YES;
				CLANG_WARN_OBJC_LITERAL_CONVERSION = YES;
				CLANG_WARN_OBJC_ROOT_CLASS = YES_ERROR;
				CLANG_WARN_QUOTED_INCLUDE_IN_FRAMEWORK_HEADER = YES;
				CLANG_WARN_RANGE_LOOP_ANALYSIS = YES;
				CLANG_WARN_STRICT_PROTOTYPES = YES;
				CLANG_WARN_SUSPICIOUS_MOVE = YES;
				CLANG_WARN_UNGUARDED_AVAILABILITY = YES_AGGRESSIVE;
				CLANG_WARN_UNREACHABLE_CODE = YES;
				CLANG_WARN__DUPLICATE_METHOD_MATCH = YES;
				COPY_PHASE_STRIP = NO;
				DEBUG_INFORMATION_FORMAT = dwarf;
				ENABLE_STRICT_OBJC_MSGSEND = YES;
				ENABLE_TESTABILITY = YES;
				GCC_C_LANGUAGE_STANDARD = gnu11;
				GCC_DYNAMIC_NO_PIC = NO;
				GCC_NO_COMMON_BLOCKS = YES;
				GCC_OPTIMIZATION_LEVEL = 0;
				GCC_PREPROCESSOR_DEFINITIONS = (
					"DEBUG=1",
					"$(inherited)",
				);
				GCC_WARN_64_TO_32_BIT_CONVERSION = YES;
				GCC_WARN_ABOUT_RETURN_TYPE = YES_ERROR;
				GCC_WARN_UNDECLARED_SELECTOR = YES;
				GCC_WARN_UNINITIALIZED_AUTOS = YES_AGGRESSIVE;
				GCC_WARN_UNUSED_FUNCTION = YES;
				GCC_WARN_UNUSED_VARIABLE = YES;
				IPHONEOS_DEPLOYMENT_TARGET = 16.4;
				MTL_ENABLE_DEBUG_INFO = INCLUDE_SOURCE;
				MTL_FAST_MATH = YES;
				ONLY_ACTIVE_ARCH = YES;
				SDKROOT = iphoneos;
				SWIFT_ACTIVE_COMPILATION_CONDITIONS = DEBUG;
				SWIFT_OPTIMIZATION_LEVEL = "-Onone";
			};
			name = Debug;
		};
		9E8B06C92A14F7CB00ADBA65 /* Release */ = {
			isa = XCBuildConfiguration;
			buildSettings = {
				ALWAYS_SEARCH_USER_PATHS = NO;
				CLANG_ANALYZER_NONNULL = YES;
				CLANG_ANALYZER_NUMBER_OBJECT_CONVERSION = YES_AGGRESSIVE;
				CLANG_CXX_LANGUAGE_STANDARD = "gnu++20";
				CLANG_ENABLE_MODULES = YES;
				CLANG_ENABLE_OBJC_ARC = YES;
				CLANG_ENABLE_OBJC_WEAK = YES;
				CLANG_WARN_BLOCK_CAPTURE_AUTORELEASING = YES;
				CLANG_WARN_BOOL_CONVERSION = YES;
				CLANG_WARN_COMMA = YES;
				CLANG_WARN_CONSTANT_CONVERSION = YES;
				CLANG_WARN_DEPRECATED_OBJC_IMPLEMENTATIONS = YES;
				CLANG_WARN_DIRECT_OBJC_ISA_USAGE = YES_ERROR;
				CLANG_WARN_DOCUMENTATION_COMMENTS = YES;
				CLANG_WARN_EMPTY_BODY = YES;
				CLANG_WARN_ENUM_CONVERSION = YES;
				CLANG_WARN_INFINITE_RECURSION = YES;
				CLANG_WARN_INT_CONVERSION = YES;
				CLANG_WARN_NON_LITERAL_NULL_CONVERSION = YES;
				CLANG_WARN_OBJC_IMPLICIT_RETAIN_SELF = YES;
				CLANG_WARN_OBJC_LITERAL_CONVERSION = YES;
				CLANG_WARN_OBJC_ROOT_CLASS = YES_ERROR;
				CLANG_WARN_QUOTED_INCLUDE_IN_FRAMEWORK_HEADER = YES;
				CLANG_WARN_RANGE_LOOP_ANALYSIS = YES;
				CLANG_WARN_STRICT_PROTOTYPES = YES;
				CLANG_WARN_SUSPICIOUS_MOVE = YES;
				CLANG_WARN_UNGUARDED_AVAILABILITY = YES_AGGRESSIVE;
				CLANG_WARN_UNREACHABLE_CODE = YES;
				CLANG_WARN__DUPLICATE_METHOD_MATCH = YES;
				COPY_PHASE_STRIP = NO;
				DEBUG_INFORMATION_FORMAT = "dwarf-with-dsym";
				ENABLE_NS_ASSERTIONS = NO;
				ENABLE_STRICT_OBJC_MSGSEND = YES;
				GCC_C_LANGUAGE_STANDARD = gnu11;
				GCC_NO_COMMON_BLOCKS = YES;
				GCC_WARN_64_TO_32_BIT_CONVERSION = YES;
				GCC_WARN_ABOUT_RETURN_TYPE = YES_ERROR;
				GCC_WARN_UNDECLARED_SELECTOR = YES;
				GCC_WARN_UNINITIALIZED_AUTOS = YES_AGGRESSIVE;
				GCC_WARN_UNUSED_FUNCTION = YES;
				GCC_WARN_UNUSED_VARIABLE = YES;
				IPHONEOS_DEPLOYMENT_TARGET = 16.4;
				MTL_ENABLE_DEBUG_INFO = NO;
				MTL_FAST_MATH = YES;
				SDKROOT = iphoneos;
				SWIFT_COMPILATION_MODE = wholemodule;
				SWIFT_OPTIMIZATION_LEVEL = "-O";
				VALIDATE_PRODUCT = YES;
			};
			name = Release;
		};
		9E8B06CB2A14F7CB00ADBA65 /* Debug */ = {
			isa = XCBuildConfiguration;
			buildSettings = {
				ASSETCATALOG_COMPILER_APPICON_NAME = AppIcon;
				ASSETCATALOG_COMPILER_GLOBAL_ACCENT_COLOR_NAME = AccentColor;
				CODE_SIGN_STYLE = Automatic;
				CURRENT_PROJECT_VERSION = 1;
				DEVELOPMENT_ASSET_PATHS = "\"MCSynergy/Preview Content\"";
				DEVELOPMENT_TEAM = CE6JM5XH47;
				ENABLE_PREVIEWS = YES;
				GENERATE_INFOPLIST_FILE = YES;
				INFOPLIST_FILE = MCSynergy/Info.plist;
				INFOPLIST_KEY_UIApplicationSceneManifest_Generation = YES;
				INFOPLIST_KEY_UIApplicationSupportsIndirectInputEvents = YES;
				INFOPLIST_KEY_UILaunchScreen_Generation = YES;
				INFOPLIST_KEY_UISupportedInterfaceOrientations_iPad = "UIInterfaceOrientationPortrait UIInterfaceOrientationPortraitUpsideDown UIInterfaceOrientationLandscapeLeft UIInterfaceOrientationLandscapeRight";
				INFOPLIST_KEY_UISupportedInterfaceOrientations_iPhone = "UIInterfaceOrientationPortrait UIInterfaceOrientationLandscapeLeft UIInterfaceOrientationLandscapeRight";
				IPHONEOS_DEPLOYMENT_TARGET = 16.2;
				LD_RUNPATH_SEARCH_PATHS = (
					"$(inherited)",
					"@executable_path/Frameworks",
				);
				MARKETING_VERSION = 1.0;
				PRODUCT_BUNDLE_IDENTIFIER = josian.vanefferen.MCSynergy;
				PRODUCT_NAME = "$(TARGET_NAME)";
				SWIFT_EMIT_LOC_STRINGS = YES;
				SWIFT_VERSION = 5.0;
				TARGETED_DEVICE_FAMILY = "1,2";
			};
			name = Debug;
		};
		9E8B06CC2A14F7CB00ADBA65 /* Release */ = {
			isa = XCBuildConfiguration;
			buildSettings = {
				ASSETCATALOG_COMPILER_APPICON_NAME = AppIcon;
				ASSETCATALOG_COMPILER_GLOBAL_ACCENT_COLOR_NAME = AccentColor;
				CODE_SIGN_STYLE = Automatic;
				CURRENT_PROJECT_VERSION = 1;
				DEVELOPMENT_ASSET_PATHS = "\"MCSynergy/Preview Content\"";
				DEVELOPMENT_TEAM = CE6JM5XH47;
				ENABLE_PREVIEWS = YES;
				GENERATE_INFOPLIST_FILE = YES;
				INFOPLIST_FILE = MCSynergy/Info.plist;
				INFOPLIST_KEY_UIApplicationSceneManifest_Generation = YES;
				INFOPLIST_KEY_UIApplicationSupportsIndirectInputEvents = YES;
				INFOPLIST_KEY_UILaunchScreen_Generation = YES;
				INFOPLIST_KEY_UISupportedInterfaceOrientations_iPad = "UIInterfaceOrientationPortrait UIInterfaceOrientationPortraitUpsideDown UIInterfaceOrientationLandscapeLeft UIInterfaceOrientationLandscapeRight";
				INFOPLIST_KEY_UISupportedInterfaceOrientations_iPhone = "UIInterfaceOrientationPortrait UIInterfaceOrientationLandscapeLeft UIInterfaceOrientationLandscapeRight";
				IPHONEOS_DEPLOYMENT_TARGET = 16.2;
				LD_RUNPATH_SEARCH_PATHS = (
					"$(inherited)",
					"@executable_path/Frameworks",
				);
				MARKETING_VERSION = 1.0;
				PRODUCT_BUNDLE_IDENTIFIER = josian.vanefferen.MCSynergy;
				PRODUCT_NAME = "$(TARGET_NAME)";
				SWIFT_EMIT_LOC_STRINGS = YES;
				SWIFT_VERSION = 5.0;
				TARGETED_DEVICE_FAMILY = "1,2";
			};
			name = Release;
		};
/* End XCBuildConfiguration section */

/* Begin XCConfigurationList section */
		9E8B06B72A14F7CA00ADBA65 /* Build configuration list for PBXProject "MCSynergy" */ = {
			isa = XCConfigurationList;
			buildConfigurations = (
				9E8B06C82A14F7CB00ADBA65 /* Debug */,
				9E8B06C92A14F7CB00ADBA65 /* Release */,
			);
			defaultConfigurationIsVisible = 0;
			defaultConfigurationName = Release;
		};
		9E8B06CA2A14F7CB00ADBA65 /* Build configuration list for PBXNativeTarget "MCSynergy" */ = {
			isa = XCConfigurationList;
			buildConfigurations = (
				9E8B06CB2A14F7CB00ADBA65 /* Debug */,
				9E8B06CC2A14F7CB00ADBA65 /* Release */,
			);
			defaultConfigurationIsVisible = 0;
			defaultConfigurationName = Release;
		};
/* End XCConfigurationList section */

/* Begin XCRemoteSwiftPackageReference section */
		9E8B06CF2A14F99400ADBA65 /* XCRemoteSwiftPackageReference "firebase-ios-sdk" */ = {
			isa = XCRemoteSwiftPackageReference;
			repositoryURL = "https://github.com/firebase/firebase-ios-sdk";
			requirement = {
				kind = upToNextMajorVersion;
				minimumVersion = 10.0.0;
			};
		};
/* End XCRemoteSwiftPackageReference section */

/* Begin XCSwiftPackageProductDependency section */
		9E8B06D02A14F99400ADBA65 /* FirebaseAnalytics */ = {
			isa = XCSwiftPackageProductDependency;
			package = 9E8B06CF2A14F99400ADBA65 /* XCRemoteSwiftPackageReference "firebase-ios-sdk" */;
			productName = FirebaseAnalytics;
		};
		9E8B06D22A14F99400ADBA65 /* FirebaseAuth */ = {
			isa = XCSwiftPackageProductDependency;
			package = 9E8B06CF2A14F99400ADBA65 /* XCRemoteSwiftPackageReference "firebase-ios-sdk" */;
			productName = FirebaseAuth;
		};
		9E8B06D42A14F99400ADBA65 /* FirebaseMessaging */ = {
			isa = XCSwiftPackageProductDependency;
			package = 9E8B06CF2A14F99400ADBA65 /* XCRemoteSwiftPackageReference "firebase-ios-sdk" */;
			productName = FirebaseMessaging;
		};
/* End XCSwiftPackageProductDependency section */
	};
	rootObject = 9E8B06B42A14F7CA00ADBA65 /* Project object */;
}
